// !$*UTF8*$!
{
	archiveVersion = 1;
	classes = {
	};
	objectVersion = 50;
	objects = {

/* Begin PBXBuildFile section */
		118D568D23950DE60076C574 /* AppDelegate.swift in Sources */ = {isa = PBXBuildFile; fileRef = 118D568C23950DE60076C574 /* AppDelegate.swift */; };
		118D568F23950DE60076C574 /* SceneDelegate.swift in Sources */ = {isa = PBXBuildFile; fileRef = 118D568E23950DE60076C574 /* SceneDelegate.swift */; };
		118D569123950DE60076C574 /* ViewController.swift in Sources */ = {isa = PBXBuildFile; fileRef = 118D569023950DE60076C574 /* ViewController.swift */; };
		118D569423950DE60076C574 /* Main.storyboard in Resources */ = {isa = PBXBuildFile; fileRef = 118D569223950DE60076C574 /* Main.storyboard */; };
		118D569623950DE90076C574 /* Assets.xcassets in Resources */ = {isa = PBXBuildFile; fileRef = 118D569523950DE90076C574 /* Assets.xcassets */; };
		118D569923950DE90076C574 /* LaunchScreen.storyboard in Resources */ = {isa = PBXBuildFile; fileRef = 118D569723950DE90076C574 /* LaunchScreen.storyboard */; };
		118D56A423950DE90076C574 /* GiphyListTests.swift in Sources */ = {isa = PBXBuildFile; fileRef = 118D56A323950DE90076C574 /* GiphyListTests.swift */; };
		118D56AF23950DE90076C574 /* GiphyListUITests.swift in Sources */ = {isa = PBXBuildFile; fileRef = 118D56AE23950DE90076C574 /* GiphyListUITests.swift */; };
/* End PBXBuildFile section */

/* Begin PBXContainerItemProxy section */
		118D56A023950DE90076C574 /* PBXContainerItemProxy */ = {
			isa = PBXContainerItemProxy;
			containerPortal = 118D568123950DE60076C574 /* Project object */;
			proxyType = 1;
			remoteGlobalIDString = 118D568823950DE60076C574;
			remoteInfo = GiphyList;
		};
		118D56AB23950DE90076C574 /* PBXContainerItemProxy */ = {
			isa = PBXContainerItemProxy;
			containerPortal = 118D568123950DE60076C574 /* Project object */;
			proxyType = 1;
			remoteGlobalIDString = 118D568823950DE60076C574;
			remoteInfo = GiphyList;
		};
/* End PBXContainerItemProxy section */

/* Begin PBXFileReference section */
		118D568923950DE60076C574 /* GiphyList.app */ = {isa = PBXFileReference; explicitFileType = wrapper.application; includeInIndex = 0; path = GiphyList.app; sourceTree = BUILT_PRODUCTS_DIR; };
		118D568C23950DE60076C574 /* AppDelegate.swift */ = {isa = PBXFileReference; lastKnownFileType = sourcecode.swift; path = AppDelegate.swift; sourceTree = "<group>"; };
		118D568E23950DE60076C574 /* SceneDelegate.swift */ = {isa = PBXFileReference; lastKnownFileType = sourcecode.swift; path = SceneDelegate.swift; sourceTree = "<group>"; };
		118D569023950DE60076C574 /* ViewController.swift */ = {isa = PBXFileReference; lastKnownFileType = sourcecode.swift; path = ViewController.swift; sourceTree = "<group>"; };
		118D569323950DE60076C574 /* Base */ = {isa = PBXFileReference; lastKnownFileType = file.storyboard; name = Base; path = Base.lproj/Main.storyboard; sourceTree = "<group>"; };
		118D569523950DE90076C574 /* Assets.xcassets */ = {isa = PBXFileReference; lastKnownFileType = folder.assetcatalog; path = Assets.xcassets; sourceTree = "<group>"; };
		118D569823950DE90076C574 /* Base */ = {isa = PBXFileReference; lastKnownFileType = file.storyboard; name = Base; path = Base.lproj/LaunchScreen.storyboard; sourceTree = "<group>"; };
		118D569A23950DE90076C574 /* Info.plist */ = {isa = PBXFileReference; lastKnownFileType = text.plist.xml; path = Info.plist; sourceTree = "<group>"; };
		118D569F23950DE90076C574 /* GiphyListTests.xctest */ = {isa = PBXFileReference; explicitFileType = wrapper.cfbundle; includeInIndex = 0; path = GiphyListTests.xctest; sourceTree = BUILT_PRODUCTS_DIR; };
		118D56A323950DE90076C574 /* GiphyListTests.swift */ = {isa = PBXFileReference; lastKnownFileType = sourcecode.swift; path = GiphyListTests.swift; sourceTree = "<group>"; };
		118D56A523950DE90076C574 /* Info.plist */ = {isa = PBXFileReference; lastKnownFileType = text.plist.xml; path = Info.plist; sourceTree = "<group>"; };
		118D56AA23950DE90076C574 /* GiphyListUITests.xctest */ = {isa = PBXFileReference; explicitFileType = wrapper.cfbundle; includeInIndex = 0; path = GiphyListUITests.xctest; sourceTree = BUILT_PRODUCTS_DIR; };
		118D56AE23950DE90076C574 /* GiphyListUITests.swift */ = {isa = PBXFileReference; lastKnownFileType = sourcecode.swift; path = GiphyListUITests.swift; sourceTree = "<group>"; };
		118D56B023950DE90076C574 /* Info.plist */ = {isa = PBXFileReference; lastKnownFileType = text.plist.xml; path = Info.plist; sourceTree = "<group>"; };
/* End PBXFileReference section */

/* Begin PBXFrameworksBuildPhase section */
		118D568623950DE60076C574 /* Frameworks */ = {
			isa = PBXFrameworksBuildPhase;
			buildActionMask = 2147483647;
			files = (
			);
			runOnlyForDeploymentPostprocessing = 0;
		};
		118D569C23950DE90076C574 /* Frameworks */ = {
			isa = PBXFrameworksBuildPhase;
			buildActionMask = 2147483647;
			files = (
			);
			runOnlyForDeploymentPostprocessing = 0;
		};
		118D56A723950DE90076C574 /* Frameworks */ = {
			isa = PBXFrameworksBuildPhase;
			buildActionMask = 2147483647;
			files = (
			);
			runOnlyForDeploymentPostprocessing = 0;
		};
/* End PBXFrameworksBuildPhase section */

/* Begin PBXGroup section */
		118D568023950DE60076C574 = {
			isa = PBXGroup;
			children = (
				118D568B23950DE60076C574 /* GiphyList */,
				118D56A223950DE90076C574 /* GiphyListTests */,
				118D56AD23950DE90076C574 /* GiphyListUITests */,
				118D568A23950DE60076C574 /* Products */,
			);
			sourceTree = "<group>";
		};
		118D568A23950DE60076C574 /* Products */ = {
			isa = PBXGroup;
			children = (
				118D568923950DE60076C574 /* GiphyList.app */,
				118D569F23950DE90076C574 /* GiphyListTests.xctest */,
				118D56AA23950DE90076C574 /* GiphyListUITests.xctest */,
			);
			name = Products;
			sourceTree = "<group>";
		};
		118D568B23950DE60076C574 /* GiphyList */ = {
			isa = PBXGroup;
			children = (
				118D568C23950DE60076C574 /* AppDelegate.swift */,
				118D568E23950DE60076C574 /* SceneDelegate.swift */,
				118D569023950DE60076C574 /* ViewController.swift */,
				118D569223950DE60076C574 /* Main.storyboard */,
				118D569523950DE90076C574 /* Assets.xcassets */,
				118D569723950DE90076C574 /* LaunchScreen.storyboard */,
				118D569A23950DE90076C574 /* Info.plist */,
			);
			path = GiphyList;
			sourceTree = "<group>";
		};
		118D56A223950DE90076C574 /* GiphyListTests */ = {
			isa = PBXGroup;
			children = (
				118D56A323950DE90076C574 /* GiphyListTests.swift */,
				118D56A523950DE90076C574 /* Info.plist */,
			);
			path = GiphyListTests;
			sourceTree = "<group>";
		};
		118D56AD23950DE90076C574 /* GiphyListUITests */ = {
			isa = PBXGroup;
			children = (
				118D56AE23950DE90076C574 /* GiphyListUITests.swift */,
				118D56B023950DE90076C574 /* Info.plist */,
			);
			path = GiphyListUITests;
			sourceTree = "<group>";
		};
/* End PBXGroup section */

/* Begin PBXNativeTarget section */
		118D568823950DE60076C574 /* GiphyList */ = {
			isa = PBXNativeTarget;
			buildConfigurationList = 118D56B323950DE90076C574 /* Build configuration list for PBXNativeTarget "GiphyList" */;
			buildPhases = (
				118D568523950DE60076C574 /* Sources */,
				118D568623950DE60076C574 /* Frameworks */,
				118D568723950DE60076C574 /* Resources */,
			);
			buildRules = (
			);
			dependencies = (
			);
			name = GiphyList;
			productName = GiphyList;
			productReference = 118D568923950DE60076C574 /* GiphyList.app */;
			productType = "com.apple.product-type.application";
		};
		118D569E23950DE90076C574 /* GiphyListTests */ = {
			isa = PBXNativeTarget;
			buildConfigurationList = 118D56B623950DE90076C574 /* Build configuration list for PBXNativeTarget "GiphyListTests" */;
			buildPhases = (
				118D569B23950DE90076C574 /* Sources */,
				118D569C23950DE90076C574 /* Frameworks */,
				118D569D23950DE90076C574 /* Resources */,
			);
			buildRules = (
			);
			dependencies = (
				118D56A123950DE90076C574 /* PBXTargetDependency */,
			);
			name = GiphyListTests;
			productName = GiphyListTests;
			productReference = 118D569F23950DE90076C574 /* GiphyListTests.xctest */;
			productType = "com.apple.product-type.bundle.unit-test";
		};
		118D56A923950DE90076C574 /* GiphyListUITests */ = {
			isa = PBXNativeTarget;
			buildConfigurationList = 118D56B923950DE90076C574 /* Build configuration list for PBXNativeTarget "GiphyListUITests" */;
			buildPhases = (
				118D56A623950DE90076C574 /* Sources */,
				118D56A723950DE90076C574 /* Frameworks */,
				118D56A823950DE90076C574 /* Resources */,
			);
			buildRules = (
			);
			dependencies = (
				118D56AC23950DE90076C574 /* PBXTargetDependency */,
			);
			name = GiphyListUITests;
			productName = GiphyListUITests;
			productReference = 118D56AA23950DE90076C574 /* GiphyListUITests.xctest */;
			productType = "com.apple.product-type.bundle.ui-testing";
		};
/* End PBXNativeTarget section */

/* Begin PBXProject section */
		118D568123950DE60076C574 /* Project object */ = {
			isa = PBXProject;
			attributes = {
				LastSwiftUpdateCheck = 1100;
				LastUpgradeCheck = 1100;
				ORGANIZATIONNAME = "민쓰";
				TargetAttributes = {
					118D568823950DE60076C574 = {
						CreatedOnToolsVersion = 11.0;
					};
					118D569E23950DE90076C574 = {
						CreatedOnToolsVersion = 11.0;
						TestTargetID = 118D568823950DE60076C574;
					};
					118D56A923950DE90076C574 = {
						CreatedOnToolsVersion = 11.0;
						TestTargetID = 118D568823950DE60076C574;
					};
				};
			};
			buildConfigurationList = 118D568423950DE60076C574 /* Build configuration list for PBXProject "GiphyList" */;
			compatibilityVersion = "Xcode 9.3";
			developmentRegion = en;
			hasScannedForEncodings = 0;
			knownRegions = (
				en,
				Base,
			);
			mainGroup = 118D568023950DE60076C574;
			productRefGroup = 118D568A23950DE60076C574 /* Products */;
			projectDirPath = "";
			projectRoot = "";
			targets = (
				118D568823950DE60076C574 /* GiphyList */,
				118D569E23950DE90076C574 /* GiphyListTests */,
				118D56A923950DE90076C574 /* GiphyListUITests */,
			);
		};
/* End PBXProject section */

/* Begin PBXResourcesBuildPhase section */
		118D568723950DE60076C574 /* Resources */ = {
			isa = PBXResourcesBuildPhase;
			buildActionMask = 2147483647;
			files = (
				118D569923950DE90076C574 /* LaunchScreen.storyboard in Resources */,
				118D569623950DE90076C574 /* Assets.xcassets in Resources */,
				118D569423950DE60076C574 /* Main.storyboard in Resources */,
			);
			runOnlyForDeploymentPostprocessing = 0;
		};
		118D569D23950DE90076C574 /* Resources */ = {
			isa = PBXResourcesBuildPhase;
			buildActionMask = 2147483647;
			files = (
			);
			runOnlyForDeploymentPostprocessing = 0;
		};
		118D56A823950DE90076C574 /* Resources */ = {
			isa = PBXResourcesBuildPhase;
			buildActionMask = 2147483647;
			files = (
			);
			runOnlyForDeploymentPostprocessing = 0;
		};
/* End PBXResourcesBuildPhase section */

/* Begin PBXSourcesBuildPhase section */
		118D568523950DE60076C574 /* Sources */ = {
			isa = PBXSourcesBuildPhase;
			buildActionMask = 2147483647;
			files = (
				118D569123950DE60076C574 /* ViewController.swift in Sources */,
				118D568D23950DE60076C574 /* AppDelegate.swift in Sources */,
				118D568F23950DE60076C574 /* SceneDelegate.swift in Sources */,
			);
			runOnlyForDeploymentPostprocessing = 0;
		};
		118D569B23950DE90076C574 /* Sources */ = {
			isa = PBXSourcesBuildPhase;
			buildActionMask = 2147483647;
			files = (
				118D56A423950DE90076C574 /* GiphyListTests.swift in Sources */,
			);
			runOnlyForDeploymentPostprocessing = 0;
		};
		118D56A623950DE90076C574 /* Sources */ = {
			isa = PBXSourcesBuildPhase;
			buildActionMask = 2147483647;
			files = (
				118D56AF23950DE90076C574 /* GiphyListUITests.swift in Sources */,
			);
			runOnlyForDeploymentPostprocessing = 0;
		};
/* End PBXSourcesBuildPhase section */

/* Begin PBXTargetDependency section */
		118D56A123950DE90076C574 /* PBXTargetDependency */ = {
			isa = PBXTargetDependency;
			target = 118D568823950DE60076C574 /* GiphyList */;
			targetProxy = 118D56A023950DE90076C574 /* PBXContainerItemProxy */;
		};
		118D56AC23950DE90076C574 /* PBXTargetDependency */ = {
			isa = PBXTargetDependency;
			target = 118D568823950DE60076C574 /* GiphyList */;
			targetProxy = 118D56AB23950DE90076C574 /* PBXContainerItemProxy */;
		};
/* End PBXTargetDependency section */

/* Begin PBXVariantGroup section */
		118D569223950DE60076C574 /* Main.storyboard */ = {
			isa = PBXVariantGroup;
			children = (
				118D569323950DE60076C574 /* Base */,
			);
			name = Main.storyboard;
			sourceTree = "<group>";
		};
		118D569723950DE90076C574 /* LaunchScreen.storyboard */ = {
			isa = PBXVariantGroup;
			children = (
				118D569823950DE90076C574 /* Base */,
			);
			name = LaunchScreen.storyboard;
			sourceTree = "<group>";
		};
/* End PBXVariantGroup section */

/* Begin XCBuildConfiguration section */
		118D56B123950DE90076C574 /* Debug */ = {
			isa = XCBuildConfiguration;
			buildSettings = {
				ALWAYS_SEARCH_USER_PATHS = NO;
				CLANG_ANALYZER_NONNULL = YES;
				CLANG_ANALYZER_NUMBER_OBJECT_CONVERSION = YES_AGGRESSIVE;
				CLANG_CXX_LANGUAGE_STANDARD = "gnu++14";
				CLANG_CXX_LIBRARY = "libc++";
				CLANG_ENABLE_MODULES = YES;
				CLANG_ENABLE_OBJC_ARC = YES;
				CLANG_ENABLE_OBJC_WEAK = YES;
				CLANG_WARN_BLOCK_CAPTURE_AUTORELEASING = YES;
				CLANG_WARN_BOOL_CONVERSION = YES;
				CLANG_WARN_COMMA = YES;
				CLANG_WARN_CONSTANT_CONVERSION = YES;
				CLANG_WARN_DEPRECATED_OBJC_IMPLEMENTATIONS = YES;
				CLANG_WARN_DIRECT_OBJC_ISA_USAGE = YES_ERROR;
				CLANG_WARN_DOCUMENTATION_COMMENTS = YES;
				CLANG_WARN_EMPTY_BODY = YES;
				CLANG_WARN_ENUM_CONVERSION = YES;
				CLANG_WARN_INFINITE_RECURSION = YES;
				CLANG_WARN_INT_CONVERSION = YES;
				CLANG_WARN_NON_LITERAL_NULL_CONVERSION = YES;
				CLANG_WARN_OBJC_IMPLICIT_RETAIN_SELF = YES;
				CLANG_WARN_OBJC_LITERAL_CONVERSION = YES;
				CLANG_WARN_OBJC_ROOT_CLASS = YES_ERROR;
				CLANG_WARN_RANGE_LOOP_ANALYSIS = YES;
				CLANG_WARN_STRICT_PROTOTYPES = YES;
				CLANG_WARN_SUSPICIOUS_MOVE = YES;
				CLANG_WARN_UNGUARDED_AVAILABILITY = YES_AGGRESSIVE;
				CLANG_WARN_UNREACHABLE_CODE = YES;
				CLANG_WARN__DUPLICATE_METHOD_MATCH = YES;
				COPY_PHASE_STRIP = NO;
				DEBUG_INFORMATION_FORMAT = dwarf;
				ENABLE_STRICT_OBJC_MSGSEND = YES;
				ENABLE_TESTABILITY = YES;
				GCC_C_LANGUAGE_STANDARD = gnu11;
				GCC_DYNAMIC_NO_PIC = NO;
				GCC_NO_COMMON_BLOCKS = YES;
				GCC_OPTIMIZATION_LEVEL = 0;
				GCC_PREPROCESSOR_DEFINITIONS = (
					"DEBUG=1",
					"$(inherited)",
				);
				GCC_WARN_64_TO_32_BIT_CONVERSION = YES;
				GCC_WARN_ABOUT_RETURN_TYPE = YES_ERROR;
				GCC_WARN_UNDECLARED_SELECTOR = YES;
				GCC_WARN_UNINITIALIZED_AUTOS = YES_AGGRESSIVE;
				GCC_WARN_UNUSED_FUNCTION = YES;
				GCC_WARN_UNUSED_VARIABLE = YES;
				IPHONEOS_DEPLOYMENT_TARGET = 13.0;
				MTL_ENABLE_DEBUG_INFO = INCLUDE_SOURCE;
				MTL_FAST_MATH = YES;
				ONLY_ACTIVE_ARCH = YES;
				SDKROOT = iphoneos;
				SWIFT_ACTIVE_COMPILATION_CONDITIONS = DEBUG;
				SWIFT_OPTIMIZATION_LEVEL = "-Onone";
			};
			name = Debug;
		};
		118D56B223950DE90076C574 /* Release */ = {
			isa = XCBuildConfiguration;
			buildSettings = {
				ALWAYS_SEARCH_USER_PATHS = NO;
				CLANG_ANALYZER_NONNULL = YES;
				CLANG_ANALYZER_NUMBER_OBJECT_CONVERSION = YES_AGGRESSIVE;
				CLANG_CXX_LANGUAGE_STANDARD = "gnu++14";
				CLANG_CXX_LIBRARY = "libc++";
				CLANG_ENABLE_MODULES = YES;
				CLANG_ENABLE_OBJC_ARC = YES;
				CLANG_ENABLE_OBJC_WEAK = YES;
				CLANG_WARN_BLOCK_CAPTURE_AUTORELEASING = YES;
				CLANG_WARN_BOOL_CONVERSION = YES;
				CLANG_WARN_COMMA = YES;
				CLANG_WARN_CONSTANT_CONVERSION = YES;
				CLANG_WARN_DEPRECATED_OBJC_IMPLEMENTATIONS = YES;
				CLANG_WARN_DIRECT_OBJC_ISA_USAGE = YES_ERROR;
				CLANG_WARN_DOCUMENTATION_COMMENTS = YES;
				CLANG_WARN_EMPTY_BODY = YES;
				CLANG_WARN_ENUM_CONVERSION = YES;
				CLANG_WARN_INFINITE_RECURSION = YES;
				CLANG_WARN_INT_CONVERSION = YES;
				CLANG_WARN_NON_LITERAL_NULL_CONVERSION = YES;
				CLANG_WARN_OBJC_IMPLICIT_RETAIN_SELF = YES;
				CLANG_WARN_OBJC_LITERAL_CONVERSION = YES;
				CLANG_WARN_OBJC_ROOT_CLASS = YES_ERROR;
				CLANG_WARN_RANGE_LOOP_ANALYSIS = YES;
				CLANG_WARN_STRICT_PROTOTYPES = YES;
				CLANG_WARN_SUSPICIOUS_MOVE = YES;
				CLANG_WARN_UNGUARDED_AVAILABILITY = YES_AGGRESSIVE;
				CLANG_WARN_UNREACHABLE_CODE = YES;
				CLANG_WARN__DUPLICATE_METHOD_MATCH = YES;
				COPY_PHASE_STRIP = NO;
				DEBUG_INFORMATION_FORMAT = "dwarf-with-dsym";
				ENABLE_NS_ASSERTIONS = NO;
				ENABLE_STRICT_OBJC_MSGSEND = YES;
				GCC_C_LANGUAGE_STANDARD = gnu11;
				GCC_NO_COMMON_BLOCKS = YES;
				GCC_WARN_64_TO_32_BIT_CONVERSION = YES;
				GCC_WARN_ABOUT_RETURN_TYPE = YES_ERROR;
				GCC_WARN_UNDECLARED_SELECTOR = YES;
				GCC_WARN_UNINITIALIZED_AUTOS = YES_AGGRESSIVE;
				GCC_WARN_UNUSED_FUNCTION = YES;
				GCC_WARN_UNUSED_VARIABLE = YES;
				IPHONEOS_DEPLOYMENT_TARGET = 13.0;
				MTL_ENABLE_DEBUG_INFO = NO;
				MTL_FAST_MATH = YES;
				SDKROOT = iphoneos;
				SWIFT_COMPILATION_MODE = wholemodule;
				SWIFT_OPTIMIZATION_LEVEL = "-O";
				VALIDATE_PRODUCT = YES;
			};
			name = Release;
		};
		118D56B423950DE90076C574 /* Debug */ = {
			isa = XCBuildConfiguration;
			buildSettings = {
				ASSETCATALOG_COMPILER_APPICON_NAME = AppIcon;
				CODE_SIGN_STYLE = Automatic;
				INFOPLIST_FILE = GiphyList/Info.plist;
				LD_RUNPATH_SEARCH_PATHS = (
					"$(inherited)",
					"@executable_path/Frameworks",
				);
				PRODUCT_BUNDLE_IDENTIFIER = kr.minss.GiphyList;
				PRODUCT_NAME = "$(TARGET_NAME)";
				SWIFT_VERSION = 5.0;
				TARGETED_DEVICE_FAMILY = "1,2";
			};
			name = Debug;
		};
		118D56B523950DE90076C574 /* Release */ = {
			isa = XCBuildConfiguration;
			buildSettings = {
				ASSETCATALOG_COMPILER_APPICON_NAME = AppIcon;
				CODE_SIGN_STYLE = Automatic;
				INFOPLIST_FILE = GiphyList/Info.plist;
				LD_RUNPATH_SEARCH_PATHS = (
					"$(inherited)",
					"@executable_path/Frameworks",
				);
				PRODUCT_BUNDLE_IDENTIFIER = kr.minss.GiphyList;
				PRODUCT_NAME = "$(TARGET_NAME)";
				SWIFT_VERSION = 5.0;
				TARGETED_DEVICE_FAMILY = "1,2";
			};
			name = Release;
		};
		118D56B723950DE90076C574 /* Debug */ = {
			isa = XCBuildConfiguration;
			buildSettings = {
				ALWAYS_EMBED_SWIFT_STANDARD_LIBRARIES = YES;
				BUNDLE_LOADER = "$(TEST_HOST)";
				CODE_SIGN_STYLE = Automatic;
				INFOPLIST_FILE = GiphyListTests/Info.plist;
				IPHONEOS_DEPLOYMENT_TARGET = 13.0;
				LD_RUNPATH_SEARCH_PATHS = (
					"$(inherited)",
					"@executable_path/Frameworks",
					"@loader_path/Frameworks",
				);
				PRODUCT_BUNDLE_IDENTIFIER = kr.minss.GiphyListTests;
				PRODUCT_NAME = "$(TARGET_NAME)";
				SWIFT_VERSION = 5.0;
				TARGETED_DEVICE_FAMILY = "1,2";
				TEST_HOST = "$(BUILT_PRODUCTS_DIR)/GiphyList.app/GiphyList";
			};
			name = Debug;
		};
		118D56B823950DE90076C574 /* Release */ = {
			isa = XCBuildConfiguration;
			buildSettings = {
				ALWAYS_EMBED_SWIFT_STANDARD_LIBRARIES = YES;
				BUNDLE_LOADER = "$(TEST_HOST)";
				CODE_SIGN_STYLE = Automatic;
				INFOPLIST_FILE = GiphyListTests/Info.plist;
				IPHONEOS_DEPLOYMENT_TARGET = 13.0;
				LD_RUNPATH_SEARCH_PATHS = (
					"$(inherited)",
					"@executable_path/Frameworks",
					"@loader_path/Frameworks",
				);
				PRODUCT_BUNDLE_IDENTIFIER = kr.minss.GiphyListTests;
				PRODUCT_NAME = "$(TARGET_NAME)";
				SWIFT_VERSION = 5.0;
				TARGETED_DEVICE_FAMILY = "1,2";
				TEST_HOST = "$(BUILT_PRODUCTS_DIR)/GiphyList.app/GiphyList";
			};
			name = Release;
		};
		118D56BA23950DE90076C574 /* Debug */ = {
			isa = XCBuildConfiguration;
			buildSettings = {
				ALWAYS_EMBED_SWIFT_STANDARD_LIBRARIES = YES;
				CODE_SIGN_STYLE = Automatic;
				INFOPLIST_FILE = GiphyListUITests/Info.plist;
				LD_RUNPATH_SEARCH_PATHS = (
					"$(inherited)",
					"@executable_path/Frameworks",
					"@loader_path/Frameworks",
				);
				PRODUCT_BUNDLE_IDENTIFIER = kr.minss.GiphyListUITests;
				PRODUCT_NAME = "$(TARGET_NAME)";
				SWIFT_VERSION = 5.0;
				TARGETED_DEVICE_FAMILY = "1,2";
				TEST_TARGET_NAME = GiphyList;
			};
			name = Debug;
		};
		118D56BB23950DE90076C574 /* Release */ = {
			isa = XCBuildConfiguration;
			buildSettings = {
				ALWAYS_EMBED_SWIFT_STANDARD_LIBRARIES = YES;
				CODE_SIGN_STYLE = Automatic;
				INFOPLIST_FILE = GiphyListUITests/Info.plist;
				LD_RUNPATH_SEARCH_PATHS = (
					"$(inherited)",
					"@executable_path/Frameworks",
					"@loader_path/Frameworks",
				);
				PRODUCT_BUNDLE_IDENTIFIER = kr.minss.GiphyListUITests;
				PRODUCT_NAME = "$(TARGET_NAME)";
				SWIFT_VERSION = 5.0;
				TARGETED_DEVICE_FAMILY = "1,2";
				TEST_TARGET_NAME = GiphyList;
			};
			name = Release;
		};
/* End XCBuildConfiguration section */

/* Begin XCConfigurationList section */
		118D568423950DE60076C574 /* Build configuration list for PBXProject "GiphyList" */ = {
			isa = XCConfigurationList;
			buildConfigurations = (
				118D56B123950DE90076C574 /* Debug */,
				118D56B223950DE90076C574 /* Release */,
			);
			defaultConfigurationIsVisible = 0;
			defaultConfigurationName = Release;
		};
		118D56B323950DE90076C574 /* Build configuration list for PBXNativeTarget "GiphyList" */ = {
			isa = XCConfigurationList;
			buildConfigurations = (
				118D56B423950DE90076C574 /* Debug */,
				118D56B523950DE90076C574 /* Release */,
			);
			defaultConfigurationIsVisible = 0;
			defaultConfigurationName = Release;
		};
		118D56B623950DE90076C574 /* Build configuration list for PBXNativeTarget "GiphyListTests" */ = {
			isa = XCConfigurationList;
			buildConfigurations = (
				118D56B723950DE90076C574 /* Debug */,
				118D56B823950DE90076C574 /* Release */,
			);
			defaultConfigurationIsVisible = 0;
			defaultConfigurationName = Release;
		};
		118D56B923950DE90076C574 /* Build configuration list for PBXNativeTarget "GiphyListUITests" */ = {
			isa = XCConfigurationList;
			buildConfigurations = (
				118D56BA23950DE90076C574 /* Debug */,
				118D56BB23950DE90076C574 /* Release */,
			);
			defaultConfigurationIsVisible = 0;
			defaultConfigurationName = Release;
		};
/* End XCConfigurationList section */
	};
	rootObject = 118D568123950DE60076C574 /* Project object */;
}
